
Microsoft Visual Studio Solution File, Format Version 12.00
# Visual Studio Version 16
VisualStudioVersion = 16.0.29920.165
MinimumVisualStudioVersion = 10.0.40219.1
Project("{FAE04EC0-301F-11D3-BF4B-00C04F79EFBC}") = "Lab1", "Lab1\Lab1.csproj", "{1F229D28-2224-4AEA-80F0-A1AFF0FBA336}"
EndProject
Global
	GlobalSection(SolutionConfigurationPlatforms) = preSolution
		Debug|Any CPU = Debug|Any CPU
		Release|Any CPU = Release|Any CPU
	EndGlobalSection
	GlobalSection(ProjectConfigurationPlatforms) = postSolution
		{1F229D28-2224-4AEA-80F0-A1AFF0FBA336}.Debug|Any CPU.ActiveCfg = Debug|Any CPU
		{1F229D28-2224-4AEA-80F0-A1AFF0FBA336}.Debug|Any CPU.Build.0 = Debug|Any CPU
		{1F229D28-2224-4AEA-80F0-A1AFF0FBA336}.Release|Any CPU.ActiveCfg = Release|Any CPU
		{1F229D28-2224-4AEA-80F0-A1AFF0FBA336}.Release|Any CPU.Build.0 = Release|Any CPU
	EndGlobalSection
	GlobalSection(SolutionProperties) = preSolution
		HideSolutionNode = FALSE
	EndGlobalSection
	GlobalSection(ExtensibilityGlobals) = postSolution
		SolutionGuid = {63B1AFFA-1338-442C-9528-DA3E9683763F}
	EndGlobalSection
EndGlobal
